// !$*UTF8*$!
{
	archiveVersion = 1;
	classes = {
	};
	objectVersion = 56;
	objects = {

/* Begin PBXBuildFile section */
		78344BB729A3D2B3009EE889 /* CustomButton.swift in Sources */ = {isa = PBXBuildFile; fileRef = 78344BB629A3D2B3009EE889 /* CustomButton.swift */; };
		78344BB929A3DAB3009EE889 /* ButtonWithModifiersExample.swift in Sources */ = {isa = PBXBuildFile; fileRef = 78344BB829A3DAB3009EE889 /* ButtonWithModifiersExample.swift */; };
		78344BBB29A3F9E7009EE889 /* CustomButtonStyle.swift in Sources */ = {isa = PBXBuildFile; fileRef = 78344BBA29A3F9E7009EE889 /* CustomButtonStyle.swift */; };
		78344BBD29A40A82009EE889 /* CapsuleButtonWithIconsStyle.swift in Sources */ = {isa = PBXBuildFile; fileRef = 78344BBC29A40A82009EE889 /* CapsuleButtonWithIconsStyle.swift */; };
		78344BBF29A427AA009EE889 /* ButtonStyleFeatures.swift in Sources */ = {isa = PBXBuildFile; fileRef = 78344BBE29A427AA009EE889 /* ButtonStyleFeatures.swift */; };
		78344BC129A4FF0A009EE889 /* BlankView.swift in Sources */ = {isa = PBXBuildFile; fileRef = 78344BC029A4FF0A009EE889 /* BlankView.swift */; };
		78344BC329A501A4009EE889 /* BlankButtonStyle.swift in Sources */ = {isa = PBXBuildFile; fileRef = 78344BC229A501A4009EE889 /* BlankButtonStyle.swift */; };
		7878A913299E922500A2B0D4 /* CapsuleButtonStyle.swift in Sources */ = {isa = PBXBuildFile; fileRef = 7878A912299E922500A2B0D4 /* CapsuleButtonStyle.swift */; };
		7878A915299ED86B00A2B0D4 /* ButtonLabelWithIcons.swift in Sources */ = {isa = PBXBuildFile; fileRef = 7878A914299ED86B00A2B0D4 /* ButtonLabelWithIcons.swift */; };
		7878A917299EDC2100A2B0D4 /* PrimaryButton.swift in Sources */ = {isa = PBXBuildFile; fileRef = 7878A916299EDC2100A2B0D4 /* PrimaryButton.swift */; };
		78826EDD298C0D440097A697 /* ButtonStyleApp.swift in Sources */ = {isa = PBXBuildFile; fileRef = 78826EDC298C0D440097A697 /* ButtonStyleApp.swift */; };
		78826EDF298C0D440097A697 /* ContentView.swift in Sources */ = {isa = PBXBuildFile; fileRef = 78826EDE298C0D440097A697 /* ContentView.swift */; };
		78826EE1298C0D450097A697 /* Assets.xcassets in Resources */ = {isa = PBXBuildFile; fileRef = 78826EE0298C0D450097A697 /* Assets.xcassets */; };
		78826EE4298C0D450097A697 /* Preview Assets.xcassets in Resources */ = {isa = PBXBuildFile; fileRef = 78826EE3298C0D450097A697 /* Preview Assets.xcassets */; };
		78826EEE298C0D450097A697 /* ButtonStyleTests.swift in Sources */ = {isa = PBXBuildFile; fileRef = 78826EED298C0D450097A697 /* ButtonStyleTests.swift */; };
		78826EF8298C0D450097A697 /* ButtonStyleUITests.swift in Sources */ = {isa = PBXBuildFile; fileRef = 78826EF7298C0D450097A697 /* ButtonStyleUITests.swift */; };
		78826EFA298C0D450097A697 /* ButtonStyleUITestsLaunchTests.swift in Sources */ = {isa = PBXBuildFile; fileRef = 78826EF9298C0D450097A697 /* ButtonStyleUITestsLaunchTests.swift */; };
		78826F07298D91040097A697 /* ColorExtensions.swift in Sources */ = {isa = PBXBuildFile; fileRef = 78826F06298D91040097A697 /* ColorExtensions.swift */; };
/* End PBXBuildFile section */

/* Begin PBXContainerItemProxy section */
		78826EEA298C0D450097A697 /* PBXContainerItemProxy */ = {
			isa = PBXContainerItemProxy;
			containerPortal = 78826ED1298C0D440097A697 /* Project object */;
			proxyType = 1;
			remoteGlobalIDString = 78826ED8298C0D440097A697;
			remoteInfo = ButtonStyle;
		};
		78826EF4298C0D450097A697 /* PBXContainerItemProxy */ = {
			isa = PBXContainerItemProxy;
			containerPortal = 78826ED1298C0D440097A697 /* Project object */;
			proxyType = 1;
			remoteGlobalIDString = 78826ED8298C0D440097A697;
			remoteInfo = ButtonStyle;
		};
/* End PBXContainerItemProxy section */

/* Begin PBXFileReference section */
		78344BB629A3D2B3009EE889 /* CustomButton.swift */ = {isa = PBXFileReference; lastKnownFileType = sourcecode.swift; path = CustomButton.swift; sourceTree = "<group>"; };
		78344BB829A3DAB3009EE889 /* ButtonWithModifiersExample.swift */ = {isa = PBXFileReference; lastKnownFileType = sourcecode.swift; path = ButtonWithModifiersExample.swift; sourceTree = "<group>"; };
		78344BBA29A3F9E7009EE889 /* CustomButtonStyle.swift */ = {isa = PBXFileReference; lastKnownFileType = sourcecode.swift; path = CustomButtonStyle.swift; sourceTree = "<group>"; };
		78344BBC29A40A82009EE889 /* CapsuleButtonWithIconsStyle.swift */ = {isa = PBXFileReference; lastKnownFileType = sourcecode.swift; path = CapsuleButtonWithIconsStyle.swift; sourceTree = "<group>"; };
		78344BBE29A427AA009EE889 /* ButtonStyleFeatures.swift */ = {isa = PBXFileReference; lastKnownFileType = sourcecode.swift; path = ButtonStyleFeatures.swift; sourceTree = "<group>"; };
		78344BC029A4FF0A009EE889 /* BlankView.swift */ = {isa = PBXFileReference; lastKnownFileType = sourcecode.swift; path = BlankView.swift; sourceTree = "<group>"; };
		78344BC229A501A4009EE889 /* BlankButtonStyle.swift */ = {isa = PBXFileReference; lastKnownFileType = sourcecode.swift; path = BlankButtonStyle.swift; sourceTree = "<group>"; };
		7878A912299E922500A2B0D4 /* CapsuleButtonStyle.swift */ = {isa = PBXFileReference; lastKnownFileType = sourcecode.swift; path = CapsuleButtonStyle.swift; sourceTree = "<group>"; };
		7878A914299ED86B00A2B0D4 /* ButtonLabelWithIcons.swift */ = {isa = PBXFileReference; lastKnownFileType = sourcecode.swift; path = ButtonLabelWithIcons.swift; sourceTree = "<group>"; };
		7878A916299EDC2100A2B0D4 /* PrimaryButton.swift */ = {isa = PBXFileReference; lastKnownFileType = sourcecode.swift; path = PrimaryButton.swift; sourceTree = "<group>"; };
		78826ED9298C0D440097A697 /* ButtonStyle.app */ = {isa = PBXFileReference; explicitFileType = wrapper.application; includeInIndex = 0; path = ButtonStyle.app; sourceTree = BUILT_PRODUCTS_DIR; };
		78826EDC298C0D440097A697 /* ButtonStyleApp.swift */ = {isa = PBXFileReference; lastKnownFileType = sourcecode.swift; path = ButtonStyleApp.swift; sourceTree = "<group>"; };
		78826EDE298C0D440097A697 /* ContentView.swift */ = {isa = PBXFileReference; lastKnownFileType = sourcecode.swift; path = ContentView.swift; sourceTree = "<group>"; };
		78826EE0298C0D450097A697 /* Assets.xcassets */ = {isa = PBXFileReference; lastKnownFileType = folder.assetcatalog; path = Assets.xcassets; sourceTree = "<group>"; };
		78826EE3298C0D450097A697 /* Preview Assets.xcassets */ = {isa = PBXFileReference; lastKnownFileType = folder.assetcatalog; path = "Preview Assets.xcassets"; sourceTree = "<group>"; };
		78826EE9298C0D450097A697 /* ButtonStyleTests.xctest */ = {isa = PBXFileReference; explicitFileType = wrapper.cfbundle; includeInIndex = 0; path = ButtonStyleTests.xctest; sourceTree = BUILT_PRODUCTS_DIR; };
		78826EED298C0D450097A697 /* ButtonStyleTests.swift */ = {isa = PBXFileReference; lastKnownFileType = sourcecode.swift; path = ButtonStyleTests.swift; sourceTree = "<group>"; };
		78826EF3298C0D450097A697 /* ButtonStyleUITests.xctest */ = {isa = PBXFileReference; explicitFileType = wrapper.cfbundle; includeInIndex = 0; path = ButtonStyleUITests.xctest; sourceTree = BUILT_PRODUCTS_DIR; };
		78826EF7298C0D450097A697 /* ButtonStyleUITests.swift */ = {isa = PBXFileReference; lastKnownFileType = sourcecode.swift; path = ButtonStyleUITests.swift; sourceTree = "<group>"; };
		78826EF9298C0D450097A697 /* ButtonStyleUITestsLaunchTests.swift */ = {isa = PBXFileReference; lastKnownFileType = sourcecode.swift; path = ButtonStyleUITestsLaunchTests.swift; sourceTree = "<group>"; };
		78826F06298D91040097A697 /* ColorExtensions.swift */ = {isa = PBXFileReference; lastKnownFileType = sourcecode.swift; path = ColorExtensions.swift; sourceTree = "<group>"; };
/* End PBXFileReference section */

/* Begin PBXFrameworksBuildPhase section */
		78826ED6298C0D440097A697 /* Frameworks */ = {
			isa = PBXFrameworksBuildPhase;
			buildActionMask = 2147483647;
			files = (
			);
			runOnlyForDeploymentPostprocessing = 0;
		};
		78826EE6298C0D450097A697 /* Frameworks */ = {
			isa = PBXFrameworksBuildPhase;
			buildActionMask = 2147483647;
			files = (
			);
			runOnlyForDeploymentPostprocessing = 0;
		};
		78826EF0298C0D450097A697 /* Frameworks */ = {
			isa = PBXFrameworksBuildPhase;
			buildActionMask = 2147483647;
			files = (
			);
			runOnlyForDeploymentPostprocessing = 0;
		};
/* End PBXFrameworksBuildPhase section */

/* Begin PBXGroup section */
		78344BB429A3CA2E009EE889 /* Utilities */ = {
			isa = PBXGroup;
			children = (
				78826F06298D91040097A697 /* ColorExtensions.swift */,
			);
			path = Utilities;
			sourceTree = "<group>";
		};
		78344BB529A3CA4F009EE889 /* CapsuleButtonStyle */ = {
			isa = PBXGroup;
			children = (
				7878A912299E922500A2B0D4 /* CapsuleButtonStyle.swift */,
				7878A914299ED86B00A2B0D4 /* ButtonLabelWithIcons.swift */,
				78344BBC29A40A82009EE889 /* CapsuleButtonWithIconsStyle.swift */,
				7878A916299EDC2100A2B0D4 /* PrimaryButton.swift */,
			);
			path = CapsuleButtonStyle;
			sourceTree = "<group>";
		};
		78826ED0298C0D440097A697 = {
			isa = PBXGroup;
			children = (
				78826EDB298C0D440097A697 /* ButtonStyle */,
				78826EEC298C0D450097A697 /* ButtonStyleTests */,
				78826EF6298C0D450097A697 /* ButtonStyleUITests */,
				78826EDA298C0D440097A697 /* Products */,
			);
			sourceTree = "<group>";
		};
		78826EDA298C0D440097A697 /* Products */ = {
			isa = PBXGroup;
			children = (
				78826ED9298C0D440097A697 /* ButtonStyle.app */,
				78826EE9298C0D450097A697 /* ButtonStyleTests.xctest */,
				78826EF3298C0D450097A697 /* ButtonStyleUITests.xctest */,
			);
			name = Products;
			sourceTree = "<group>";
		};
		78826EDB298C0D440097A697 /* ButtonStyle */ = {
			isa = PBXGroup;
			children = (
				78344BC029A4FF0A009EE889 /* BlankView.swift */,
				78344BB829A3DAB3009EE889 /* ButtonWithModifiersExample.swift */,
				78344BB629A3D2B3009EE889 /* CustomButton.swift */,
				78344BBE29A427AA009EE889 /* ButtonStyleFeatures.swift */,
				78344BC229A501A4009EE889 /* BlankButtonStyle.swift */,
				78344BBA29A3F9E7009EE889 /* CustomButtonStyle.swift */,
				78344BB529A3CA4F009EE889 /* CapsuleButtonStyle */,
				78344BB429A3CA2E009EE889 /* Utilities */,
				78826EDC298C0D440097A697 /* ButtonStyleApp.swift */,
				78826EDE298C0D440097A697 /* ContentView.swift */,
				78826EE0298C0D450097A697 /* Assets.xcassets */,
				78826EE2298C0D450097A697 /* Preview Content */,
			);
			path = ButtonStyle;
			sourceTree = "<group>";
		};
		78826EE2298C0D450097A697 /* Preview Content */ = {
			isa = PBXGroup;
			children = (
				78826EE3298C0D450097A697 /* Preview Assets.xcassets */,
			);
			path = "Preview Content";
			sourceTree = "<group>";
		};
		78826EEC298C0D450097A697 /* ButtonStyleTests */ = {
			isa = PBXGroup;
			children = (
				78826EED298C0D450097A697 /* ButtonStyleTests.swift */,
			);
			path = ButtonStyleTests;
			sourceTree = "<group>";
		};
		78826EF6298C0D450097A697 /* ButtonStyleUITests */ = {
			isa = PBXGroup;
			children = (
				78826EF7298C0D450097A697 /* ButtonStyleUITests.swift */,
				78826EF9298C0D450097A697 /* ButtonStyleUITestsLaunchTests.swift */,
			);
			path = ButtonStyleUITests;
			sourceTree = "<group>";
		};
/* End PBXGroup section */

/* Begin PBXNativeTarget section */
		78826ED8298C0D440097A697 /* ButtonStyle */ = {
			isa = PBXNativeTarget;
			buildConfigurationList = 78826EFD298C0D450097A697 /* Build configuration list for PBXNativeTarget "ButtonStyle" */;
			buildPhases = (
				78826ED5298C0D440097A697 /* Sources */,
				78826ED6298C0D440097A697 /* Frameworks */,
				78826ED7298C0D440097A697 /* Resources */,
			);
			buildRules = (
			);
			dependencies = (
			);
			name = ButtonStyle;
			productName = ButtonStyle;
			productReference = 78826ED9298C0D440097A697 /* ButtonStyle.app */;
			productType = "com.apple.product-type.application";
		};
		78826EE8298C0D450097A697 /* ButtonStyleTests */ = {
			isa = PBXNativeTarget;
			buildConfigurationList = 78826F00298C0D450097A697 /* Build configuration list for PBXNativeTarget "ButtonStyleTests" */;
			buildPhases = (
				78826EE5298C0D450097A697 /* Sources */,
				78826EE6298C0D450097A697 /* Frameworks */,
				78826EE7298C0D450097A697 /* Resources */,
			);
			buildRules = (
			);
			dependencies = (
				78826EEB298C0D450097A697 /* PBXTargetDependency */,
			);
			name = ButtonStyleTests;
			productName = ButtonStyleTests;
			productReference = 78826EE9298C0D450097A697 /* ButtonStyleTests.xctest */;
			productType = "com.apple.product-type.bundle.unit-test";
		};
		78826EF2298C0D450097A697 /* ButtonStyleUITests */ = {
			isa = PBXNativeTarget;
			buildConfigurationList = 78826F03298C0D450097A697 /* Build configuration list for PBXNativeTarget "ButtonStyleUITests" */;
			buildPhases = (
				78826EEF298C0D450097A697 /* Sources */,
				78826EF0298C0D450097A697 /* Frameworks */,
				78826EF1298C0D450097A697 /* Resources */,
			);
			buildRules = (
			);
			dependencies = (
				78826EF5298C0D450097A697 /* PBXTargetDependency */,
			);
			name = ButtonStyleUITests;
			productName = ButtonStyleUITests;
			productReference = 78826EF3298C0D450097A697 /* ButtonStyleUITests.xctest */;
			productType = "com.apple.product-type.bundle.ui-testing";
		};
/* End PBXNativeTarget section */

/* Begin PBXProject section */
		78826ED1298C0D440097A697 /* Project object */ = {
			isa = PBXProject;
			attributes = {
				BuildIndependentTargetsInParallel = 1;
				LastSwiftUpdateCheck = 1420;
				LastUpgradeCheck = 1420;
				TargetAttributes = {
					78826ED8298C0D440097A697 = {
						CreatedOnToolsVersion = 14.2;
					};
					78826EE8298C0D450097A697 = {
						CreatedOnToolsVersion = 14.2;
						TestTargetID = 78826ED8298C0D440097A697;
					};
					78826EF2298C0D450097A697 = {
						CreatedOnToolsVersion = 14.2;
						TestTargetID = 78826ED8298C0D440097A697;
					};
				};
			};
			buildConfigurationList = 78826ED4298C0D440097A697 /* Build configuration list for PBXProject "ButtonStyle" */;
			compatibilityVersion = "Xcode 14.0";
			developmentRegion = en;
			hasScannedForEncodings = 0;
			knownRegions = (
				en,
				Base,
			);
			mainGroup = 78826ED0298C0D440097A697;
			productRefGroup = 78826EDA298C0D440097A697 /* Products */;
			projectDirPath = "";
			projectRoot = "";
			targets = (
				78826ED8298C0D440097A697 /* ButtonStyle */,
				78826EE8298C0D450097A697 /* ButtonStyleTests */,
				78826EF2298C0D450097A697 /* ButtonStyleUITests */,
			);
		};
/* End PBXProject section */

/* Begin PBXResourcesBuildPhase section */
		78826ED7298C0D440097A697 /* Resources */ = {
			isa = PBXResourcesBuildPhase;
			buildActionMask = 2147483647;
			files = (
				78826EE4298C0D450097A697 /* Preview Assets.xcassets in Resources */,
				78826EE1298C0D450097A697 /* Assets.xcassets in Resources */,
			);
			runOnlyForDeploymentPostprocessing = 0;
		};
		78826EE7298C0D450097A697 /* Resources */ = {
			isa = PBXResourcesBuildPhase;
			buildActionMask = 2147483647;
			files = (
			);
			runOnlyForDeploymentPostprocessing = 0;
		};
		78826EF1298C0D450097A697 /* Resources */ = {
			isa = PBXResourcesBuildPhase;
			buildActionMask = 2147483647;
			files = (
			);
			runOnlyForDeploymentPostprocessing = 0;
		};
/* End PBXResourcesBuildPhase section */

/* Begin PBXSourcesBuildPhase section */
		78826ED5298C0D440097A697 /* Sources */ = {
			isa = PBXSourcesBuildPhase;
			buildActionMask = 2147483647;
			files = (
				78344BBF29A427AA009EE889 /* ButtonStyleFeatures.swift in Sources */,
				78344BC129A4FF0A009EE889 /* BlankView.swift in Sources */,
				78344BC329A501A4009EE889 /* BlankButtonStyle.swift in Sources */,
				78344BBB29A3F9E7009EE889 /* CustomButtonStyle.swift in Sources */,
				7878A917299EDC2100A2B0D4 /* PrimaryButton.swift in Sources */,
				78344BBD29A40A82009EE889 /* CapsuleButtonWithIconsStyle.swift in Sources */,
				78344BB729A3D2B3009EE889 /* CustomButton.swift in Sources */,
				7878A915299ED86B00A2B0D4 /* ButtonLabelWithIcons.swift in Sources */,
				78826EDF298C0D440097A697 /* ContentView.swift in Sources */,
				7878A913299E922500A2B0D4 /* CapsuleButtonStyle.swift in Sources */,
				78826EDD298C0D440097A697 /* ButtonStyleApp.swift in Sources */,
				78344BB929A3DAB3009EE889 /* ButtonWithModifiersExample.swift in Sources */,
				78826F07298D91040097A697 /* ColorExtensions.swift in Sources */,
			);
			runOnlyForDeploymentPostprocessing = 0;
		};
		78826EE5298C0D450097A697 /* Sources */ = {
			isa = PBXSourcesBuildPhase;
			buildActionMask = 2147483647;
			files = (
				78826EEE298C0D450097A697 /* ButtonStyleTests.swift in Sources */,
			);
			runOnlyForDeploymentPostprocessing = 0;
		};
		78826EEF298C0D450097A697 /* Sources */ = {
			isa = PBXSourcesBuildPhase;
			buildActionMask = 2147483647;
			files = (
				78826EFA298C0D450097A697 /* ButtonStyleUITestsLaunchTests.swift in Sources */,
				78826EF8298C0D450097A697 /* ButtonStyleUITests.swift in Sources */,
			);
			runOnlyForDeploymentPostprocessing = 0;
		};
/* End PBXSourcesBuildPhase section */

/* Begin PBXTargetDependency section */
		78826EEB298C0D450097A697 /* PBXTargetDependency */ = {
			isa = PBXTargetDependency;
			target = 78826ED8298C0D440097A697 /* ButtonStyle */;
			targetProxy = 78826EEA298C0D450097A697 /* PBXContainerItemProxy */;
		};
		78826EF5298C0D450097A697 /* PBXTargetDependency */ = {
			isa = PBXTargetDependency;
			target = 78826ED8298C0D440097A697 /* ButtonStyle */;
			targetProxy = 78826EF4298C0D450097A697 /* PBXContainerItemProxy */;
		};
/* End PBXTargetDependency section */

/* Begin XCBuildConfiguration section */
		78826EFB298C0D450097A697 /* Debug */ = {
			isa = XCBuildConfiguration;
			buildSettings = {
				ALWAYS_SEARCH_USER_PATHS = NO;
				CLANG_ANALYZER_NONNULL = YES;
				CLANG_ANALYZER_NUMBER_OBJECT_CONVERSION = YES_AGGRESSIVE;
				CLANG_CXX_LANGUAGE_STANDARD = "gnu++20";
				CLANG_ENABLE_MODULES = YES;
				CLANG_ENABLE_OBJC_ARC = YES;
				CLANG_ENABLE_OBJC_WEAK = YES;
				CLANG_WARN_BLOCK_CAPTURE_AUTORELEASING = YES;
				CLANG_WARN_BOOL_CONVERSION = YES;
				CLANG_WARN_COMMA = YES;
				CLANG_WARN_CONSTANT_CONVERSION = YES;
				CLANG_WARN_DEPRECATED_OBJC_IMPLEMENTATIONS = YES;
				CLANG_WARN_DIRECT_OBJC_ISA_USAGE = YES_ERROR;
				CLANG_WARN_DOCUMENTATION_COMMENTS = YES;
				CLANG_WARN_EMPTY_BODY = YES;
				CLANG_WARN_ENUM_CONVERSION = YES;
				CLANG_WARN_INFINITE_RECURSION = YES;
				CLANG_WARN_INT_CONVERSION = YES;
				CLANG_WARN_NON_LITERAL_NULL_CONVERSION = YES;
				CLANG_WARN_OBJC_IMPLICIT_RETAIN_SELF = YES;
				CLANG_WARN_OBJC_LITERAL_CONVERSION = YES;
				CLANG_WARN_OBJC_ROOT_CLASS = YES_ERROR;
				CLANG_WARN_QUOTED_INCLUDE_IN_FRAMEWORK_HEADER = YES;
				CLANG_WARN_RANGE_LOOP_ANALYSIS = YES;
				CLANG_WARN_STRICT_PROTOTYPES = YES;
				CLANG_WARN_SUSPICIOUS_MOVE = YES;
				CLANG_WARN_UNGUARDED_AVAILABILITY = YES_AGGRESSIVE;
				CLANG_WARN_UNREACHABLE_CODE = YES;
				CLANG_WARN__DUPLICATE_METHOD_MATCH = YES;
				COPY_PHASE_STRIP = NO;
				DEBUG_INFORMATION_FORMAT = dwarf;
				ENABLE_STRICT_OBJC_MSGSEND = YES;
				ENABLE_TESTABILITY = YES;
				GCC_C_LANGUAGE_STANDARD = gnu11;
				GCC_DYNAMIC_NO_PIC = NO;
				GCC_NO_COMMON_BLOCKS = YES;
				GCC_OPTIMIZATION_LEVEL = 0;
				GCC_PREPROCESSOR_DEFINITIONS = (
					"DEBUG=1",
					"$(inherited)",
				);
				GCC_WARN_64_TO_32_BIT_CONVERSION = YES;
				GCC_WARN_ABOUT_RETURN_TYPE = YES_ERROR;
				GCC_WARN_UNDECLARED_SELECTOR = YES;
				GCC_WARN_UNINITIALIZED_AUTOS = YES_AGGRESSIVE;
				GCC_WARN_UNUSED_FUNCTION = YES;
				GCC_WARN_UNUSED_VARIABLE = YES;
				IPHONEOS_DEPLOYMENT_TARGET = 16.2;
				MTL_ENABLE_DEBUG_INFO = INCLUDE_SOURCE;
				MTL_FAST_MATH = YES;
				ONLY_ACTIVE_ARCH = YES;
				SDKROOT = iphoneos;
				SWIFT_ACTIVE_COMPILATION_CONDITIONS = DEBUG;
				SWIFT_OPTIMIZATION_LEVEL = "-Onone";
			};
			name = Debug;
		};
		78826EFC298C0D450097A697 /* Release */ = {
			isa = XCBuildConfiguration;
			buildSettings = {
				ALWAYS_SEARCH_USER_PATHS = NO;
				CLANG_ANALYZER_NONNULL = YES;
				CLANG_ANALYZER_NUMBER_OBJECT_CONVERSION = YES_AGGRESSIVE;
				CLANG_CXX_LANGUAGE_STANDARD = "gnu++20";
				CLANG_ENABLE_MODULES = YES;
				CLANG_ENABLE_OBJC_ARC = YES;
				CLANG_ENABLE_OBJC_WEAK = YES;
				CLANG_WARN_BLOCK_CAPTURE_AUTORELEASING = YES;
				CLANG_WARN_BOOL_CONVERSION = YES;
				CLANG_WARN_COMMA = YES;
				CLANG_WARN_CONSTANT_CONVERSION = YES;
				CLANG_WARN_DEPRECATED_OBJC_IMPLEMENTATIONS = YES;
				CLANG_WARN_DIRECT_OBJC_ISA_USAGE = YES_ERROR;
				CLANG_WARN_DOCUMENTATION_COMMENTS = YES;
				CLANG_WARN_EMPTY_BODY = YES;
				CLANG_WARN_ENUM_CONVERSION = YES;
				CLANG_WARN_INFINITE_RECURSION = YES;
				CLANG_WARN_INT_CONVERSION = YES;
				CLANG_WARN_NON_LITERAL_NULL_CONVERSION = YES;
				CLANG_WARN_OBJC_IMPLICIT_RETAIN_SELF = YES;
				CLANG_WARN_OBJC_LITERAL_CONVERSION = YES;
				CLANG_WARN_OBJC_ROOT_CLASS = YES_ERROR;
				CLANG_WARN_QUOTED_INCLUDE_IN_FRAMEWORK_HEADER = YES;
				CLANG_WARN_RANGE_LOOP_ANALYSIS = YES;
				CLANG_WARN_STRICT_PROTOTYPES = YES;
				CLANG_WARN_SUSPICIOUS_MOVE = YES;
				CLANG_WARN_UNGUARDED_AVAILABILITY = YES_AGGRESSIVE;
				CLANG_WARN_UNREACHABLE_CODE = YES;
				CLANG_WARN__DUPLICATE_METHOD_MATCH = YES;
				COPY_PHASE_STRIP = NO;
				DEBUG_INFORMATION_FORMAT = "dwarf-with-dsym";
				ENABLE_NS_ASSERTIONS = NO;
				ENABLE_STRICT_OBJC_MSGSEND = YES;
				GCC_C_LANGUAGE_STANDARD = gnu11;
				GCC_NO_COMMON_BLOCKS = YES;
				GCC_WARN_64_TO_32_BIT_CONVERSION = YES;
				GCC_WARN_ABOUT_RETURN_TYPE = YES_ERROR;
				GCC_WARN_UNDECLARED_SELECTOR = YES;
				GCC_WARN_UNINITIALIZED_AUTOS = YES_AGGRESSIVE;
				GCC_WARN_UNUSED_FUNCTION = YES;
				GCC_WARN_UNUSED_VARIABLE = YES;
				IPHONEOS_DEPLOYMENT_TARGET = 16.2;
				MTL_ENABLE_DEBUG_INFO = NO;
				MTL_FAST_MATH = YES;
				SDKROOT = iphoneos;
				SWIFT_COMPILATION_MODE = wholemodule;
				SWIFT_OPTIMIZATION_LEVEL = "-O";
				VALIDATE_PRODUCT = YES;
			};
			name = Release;
		};
		78826EFE298C0D450097A697 /* Debug */ = {
			isa = XCBuildConfiguration;
			buildSettings = {
				ASSETCATALOG_COMPILER_APPICON_NAME = AppIcon;
				ASSETCATALOG_COMPILER_GLOBAL_ACCENT_COLOR_NAME = AccentColor;
				CODE_SIGN_STYLE = Automatic;
				CURRENT_PROJECT_VERSION = 1;
				DEVELOPMENT_ASSET_PATHS = "\"ButtonStyle/Preview Content\"";
				DEVELOPMENT_TEAM = T86PA97827;
				ENABLE_PREVIEWS = YES;
				GENERATE_INFOPLIST_FILE = YES;
				INFOPLIST_KEY_UIApplicationSceneManifest_Generation = YES;
				INFOPLIST_KEY_UIApplicationSupportsIndirectInputEvents = YES;
				INFOPLIST_KEY_UILaunchScreen_Generation = YES;
				INFOPLIST_KEY_UISupportedInterfaceOrientations_iPad = "UIInterfaceOrientationPortrait UIInterfaceOrientationPortraitUpsideDown UIInterfaceOrientationLandscapeLeft UIInterfaceOrientationLandscapeRight";
				INFOPLIST_KEY_UISupportedInterfaceOrientations_iPhone = "UIInterfaceOrientationPortrait UIInterfaceOrientationLandscapeLeft UIInterfaceOrientationLandscapeRight";
				LD_RUNPATH_SEARCH_PATHS = (
					"$(inherited)",
					"@executable_path/Frameworks",
				);
				MARKETING_VERSION = 1.0;
				PRODUCT_BUNDLE_IDENTIFIER = com.willtellis.ButtonStyle;
				PRODUCT_NAME = "$(TARGET_NAME)";
				SWIFT_EMIT_LOC_STRINGS = YES;
				SWIFT_VERSION = 5.0;
				TARGETED_DEVICE_FAMILY = "1,2";
			};
			name = Debug;
		};
		78826EFF298C0D450097A697 /* Release */ = {
			isa = XCBuildConfiguration;
			buildSettings = {
				ASSETCATALOG_COMPILER_APPICON_NAME = AppIcon;
				ASSETCATALOG_COMPILER_GLOBAL_ACCENT_COLOR_NAME = AccentColor;
				CODE_SIGN_STYLE = Automatic;
				CURRENT_PROJECT_VERSION = 1;
				DEVELOPMENT_ASSET_PATHS = "\"ButtonStyle/Preview Content\"";
				DEVELOPMENT_TEAM = T86PA97827;
				ENABLE_PREVIEWS = YES;
				GENERATE_INFOPLIST_FILE = YES;
				INFOPLIST_KEY_UIApplicationSceneManifest_Generation = YES;
				INFOPLIST_KEY_UIApplicationSupportsIndirectInputEvents = YES;
				INFOPLIST_KEY_UILaunchScreen_Generation = YES;
				INFOPLIST_KEY_UISupportedInterfaceOrientations_iPad = "UIInterfaceOrientationPortrait UIInterfaceOrientationPortraitUpsideDown UIInterfaceOrientationLandscapeLeft UIInterfaceOrientationLandscapeRight";
				INFOPLIST_KEY_UISupportedInterfaceOrientations_iPhone = "UIInterfaceOrientationPortrait UIInterfaceOrientationLandscapeLeft UIInterfaceOrientationLandscapeRight";
				LD_RUNPATH_SEARCH_PATHS = (
					"$(inherited)",
					"@executable_path/Frameworks",
				);
				MARKETING_VERSION = 1.0;
				PRODUCT_BUNDLE_IDENTIFIER = com.willtellis.ButtonStyle;
				PRODUCT_NAME = "$(TARGET_NAME)";
				SWIFT_EMIT_LOC_STRINGS = YES;
				SWIFT_VERSION = 5.0;
				TARGETED_DEVICE_FAMILY = "1,2";
			};
			name = Release;
		};
		78826F01298C0D450097A697 /* Debug */ = {
			isa = XCBuildConfiguration;
			buildSettings = {
				ALWAYS_EMBED_SWIFT_STANDARD_LIBRARIES = YES;
				BUNDLE_LOADER = "$(TEST_HOST)";
				CODE_SIGN_STYLE = Automatic;
				CURRENT_PROJECT_VERSION = 1;
				DEVELOPMENT_TEAM = T86PA97827;
				GENERATE_INFOPLIST_FILE = YES;
				IPHONEOS_DEPLOYMENT_TARGET = 16.2;
				MARKETING_VERSION = 1.0;
				PRODUCT_BUNDLE_IDENTIFIER = com.willtellis.ButtonStyleTests;
				PRODUCT_NAME = "$(TARGET_NAME)";
				SWIFT_EMIT_LOC_STRINGS = NO;
				SWIFT_VERSION = 5.0;
				TARGETED_DEVICE_FAMILY = "1,2";
				TEST_HOST = "$(BUILT_PRODUCTS_DIR)/ButtonStyle.app/$(BUNDLE_EXECUTABLE_FOLDER_PATH)/ButtonStyle";
			};
			name = Debug;
		};
		78826F02298C0D450097A697 /* Release */ = {
			isa = XCBuildConfiguration;
			buildSettings = {
				ALWAYS_EMBED_SWIFT_STANDARD_LIBRARIES = YES;
				BUNDLE_LOADER = "$(TEST_HOST)";
				CODE_SIGN_STYLE = Automatic;
				CURRENT_PROJECT_VERSION = 1;
				DEVELOPMENT_TEAM = T86PA97827;
				GENERATE_INFOPLIST_FILE = YES;
				IPHONEOS_DEPLOYMENT_TARGET = 16.2;
				MARKETING_VERSION = 1.0;
				PRODUCT_BUNDLE_IDENTIFIER = com.willtellis.ButtonStyleTests;
				PRODUCT_NAME = "$(TARGET_NAME)";
				SWIFT_EMIT_LOC_STRINGS = NO;
				SWIFT_VERSION = 5.0;
				TARGETED_DEVICE_FAMILY = "1,2";
				TEST_HOST = "$(BUILT_PRODUCTS_DIR)/ButtonStyle.app/$(BUNDLE_EXECUTABLE_FOLDER_PATH)/ButtonStyle";
			};
			name = Release;
		};
		78826F04298C0D450097A697 /* Debug */ = {
			isa = XCBuildConfiguration;
			buildSettings = {
				ALWAYS_EMBED_SWIFT_STANDARD_LIBRARIES = YES;
				CODE_SIGN_STYLE = Automatic;
				CURRENT_PROJECT_VERSION = 1;
				DEVELOPMENT_TEAM = T86PA97827;
				GENERATE_INFOPLIST_FILE = YES;
				MARKETING_VERSION = 1.0;
				PRODUCT_BUNDLE_IDENTIFIER = com.willtellis.ButtonStyleUITests;
				PRODUCT_NAME = "$(TARGET_NAME)";
				SWIFT_EMIT_LOC_STRINGS = NO;
				SWIFT_VERSION = 5.0;
				TARGETED_DEVICE_FAMILY = "1,2";
				TEST_TARGET_NAME = ButtonStyle;
			};
			name = Debug;
		};
		78826F05298C0D450097A697 /* Release */ = {
			isa = XCBuildConfiguration;
			buildSettings = {
				ALWAYS_EMBED_SWIFT_STANDARD_LIBRARIES = YES;
				CODE_SIGN_STYLE = Automatic;
				CURRENT_PROJECT_VERSION = 1;
				DEVELOPMENT_TEAM = T86PA97827;
				GENERATE_INFOPLIST_FILE = YES;
				MARKETING_VERSION = 1.0;
				PRODUCT_BUNDLE_IDENTIFIER = com.willtellis.ButtonStyleUITests;
				PRODUCT_NAME = "$(TARGET_NAME)";
				SWIFT_EMIT_LOC_STRINGS = NO;
				SWIFT_VERSION = 5.0;
				TARGETED_DEVICE_FAMILY = "1,2";
				TEST_TARGET_NAME = ButtonStyle;
			};
			name = Release;
		};
/* End XCBuildConfiguration section */

/* Begin XCConfigurationList section */
		78826ED4298C0D440097A697 /* Build configuration list for PBXProject "ButtonStyle" */ = {
			isa = XCConfigurationList;
			buildConfigurations = (
				78826EFB298C0D450097A697 /* Debug */,
				78826EFC298C0D450097A697 /* Release */,
			);
			defaultConfigurationIsVisible = 0;
			defaultConfigurationName = Release;
		};
		78826EFD298C0D450097A697 /* Build configuration list for PBXNativeTarget "ButtonStyle" */ = {
			isa = XCConfigurationList;
			buildConfigurations = (
				78826EFE298C0D450097A697 /* Debug */,
				78826EFF298C0D450097A697 /* Release */,
			);
			defaultConfigurationIsVisible = 0;
			defaultConfigurationName = Release;
		};
		78826F00298C0D450097A697 /* Build configuration list for PBXNativeTarget "ButtonStyleTests" */ = {
			isa = XCConfigurationList;
			buildConfigurations = (
				78826F01298C0D450097A697 /* Debug */,
				78826F02298C0D450097A697 /* Release */,
			);
			defaultConfigurationIsVisible = 0;
			defaultConfigurationName = Release;
		};
		78826F03298C0D450097A697 /* Build configuration list for PBXNativeTarget "ButtonStyleUITests" */ = {
			isa = XCConfigurationList;
			buildConfigurations = (
				78826F04298C0D450097A697 /* Debug */,
				78826F05298C0D450097A697 /* Release */,
			);
			defaultConfigurationIsVisible = 0;
			defaultConfigurationName = Release;
		};
/* End XCConfigurationList section */
	};
	rootObject = 78826ED1298C0D440097A697 /* Project object */;
}
